
Microsoft Visual Studio Solution File, Format Version 12.00
# Visual Studio Version 17
VisualStudioVersion = 17.14.36202.13 d17.14
MinimumVisualStudioVersion = 10.0.40219.1
Project("{FAE04EC0-301F-11D3-BF4B-00C04F79EFBC}") = "WPF-Calendar", "WPF-Calendar\WPF-Calendar.csproj", "{D354EB9D-6343-4DB6-AA79-6830D762B008}"
EndProject
Global
	GlobalSection(SolutionConfigurationPlatforms) = preSolution
		Debug|Any CPU = Debug|Any CPU
		Release|Any CPU = Release|Any CPU
	EndGlobalSection
	GlobalSection(ProjectConfigurationPlatforms) = postSolution
		{D354EB9D-6343-4DB6-AA79-6830D762B008}.Debug|Any CPU.ActiveCfg = Debug|Any CPU
		{D354EB9D-6343-4DB6-AA79-6830D762B008}.Debug|Any CPU.Build.0 = Debug|Any CPU
		{D354EB9D-6343-4DB6-AA79-6830D762B008}.Release|Any CPU.ActiveCfg = Release|Any CPU
		{D354EB9D-6343-4DB6-AA79-6830D762B008}.Release|Any CPU.Build.0 = Release|Any CPU
	EndGlobalSection
	GlobalSection(SolutionProperties) = preSolution
		HideSolutionNode = FALSE
	EndGlobalSection
	GlobalSection(ExtensibilityGlobals) = postSolution
		SolutionGuid = {35FAACDF-6425-49A2-BCAC-35FBC76C7E66}
	EndGlobalSection
EndGlobal
